<?xml version="1.0" encoding="UTF-8"?>
<Scheme
   LastUpgradeVersion = "0640"
   version = "2.0">
   <BuildAction
      parallelizeBuildables = "YES"
      buildImplicitDependencies = "YES">
      <BuildActionEntries>
         <BuildActionEntry
            buildForTesting = "YES"
            buildForRunning = "YES"
            buildForProfiling = "YES"
            buildForArchiving = "YES"
            buildForAnalyzing = "YES">
            <BuildableReference
               BuildableIdentifier = "primary"
               BlueprintIdentifier = "D0DFBD931BA512F2004FA2BC"
               BuildableName = "SentiStock WatchKit App.app"
               BlueprintName = "SentiStock WatchKit App"
               ReferencedContainer = "container:SentiStock.xcodeproj">
            </BuildableReference>
         </BuildActionEntry>
         <BuildActionEntry
            buildForTesting = "YES"
            buildForRunning = "YES"
            buildForProfiling = "YES"
            buildForArchiving = "YES"
            buildForAnalyzing = "YES">
            <BuildableReference
               BuildableIdentifier = "primary"
               BlueprintIdentifier = "D0DFBD841BA512F2004FA2BC"
               BuildableName = "SentiStock WatchKit Extension.appex"
               BlueprintName = "SentiStock WatchKit Extension"
               ReferencedContainer = "container:SentiStock.xcodeproj">
            </BuildableReference>
         </BuildActionEntry>
         <BuildActionEntry
            buildForTesting = "YES"
            buildForRunning = "YES"
            buildForProfiling = "YES"
            buildForArchiving = "YES"
            buildForAnalyzing = "YES">
            <BuildableReference
               BuildableIdentifier = "primary"
               BlueprintIdentifier = "0505F3301BA49C39001816C6"
               BuildableName = "SentiStock.app"
               BlueprintName = "SentiStock"
               ReferencedContainer = "container:SentiStock.xcodeproj">
            </BuildableReference>
         </BuildActionEntry>
      </BuildActionEntries>
   </BuildAction>
   <TestAction
      selectedDebuggerIdentifier = "Xcode.DebuggerFoundation.Debugger.LLDB"
      selectedLauncherIdentifier = "Xcode.DebuggerFoundation.Launcher.LLDB"
      shouldUseLaunchSchemeArgsEnv = "YES"
      buildConfiguration = "Debug">
      <Testables>
      </Testables>
      <MacroExpansion>
         <BuildableReference
            BuildableIdentifier = "primary"
            BlueprintIdentifier = "D0DFBD931BA512F2004FA2BC"
            BuildableName = "SentiStock WatchKit App.app"
            BlueprintName = "SentiStock WatchKit App"
            ReferencedContainer = "container:SentiStock.xcodeproj">
         </BuildableReference>
      </MacroExpansion>
   </TestAction>
   <LaunchAction
      selectedDebuggerIdentifier = "Xcode.DebuggerFoundation.Debugger.LLDB"
      selectedLauncherIdentifier = "Xcode.DebuggerFoundation.Launcher.LLDB"
      launchStyle = "0"
      useCustomWorkingDirectory = "NO"
      buildConfiguration = "Debug"
      ignoresPersistentStateOnLaunch = "NO"
      debugDocumentVersioning = "YES"
      allowLocationSimulation = "YES"
      launchAutomaticallySubstyle = "4"
      notificationPayloadFile = "SentiStock WatchKit Extension/PushNotificationPayload.apns">
      <RemoteRunnable
         runnableDebuggingMode = "2"
         BundleIdentifier = "com.apple.springboard"
         RemotePath = "/SentiStock">
         <BuildableReference
            BuildableIdentifier = "primary"
            BlueprintIdentifier = "D0DFBD931BA512F2004FA2BC"
            BuildableName = "SentiStock WatchKit App.app"
            BlueprintName = "SentiStock WatchKit App"
            ReferencedContainer = "container:SentiStock.xcodeproj">
         </BuildableReference>
      </RemoteRunnable>
      <MacroExpansion>
         <BuildableReference
            BuildableIdentifier = "primary"
            BlueprintIdentifier = "D0DFBD931BA512F2004FA2BC"
            BuildableName = "SentiStock WatchKit App.app"
            BlueprintName = "SentiStock WatchKit App"
            ReferencedContainer = "container:SentiStock.xcodeproj">
         </BuildableReference>
      </MacroExpansion>
      <AdditionalOptions>
      </AdditionalOptions>
   </LaunchAction>
   <ProfileAction
      shouldUseLaunchSchemeArgsEnv = "YES"
      savedToolIdentifier = ""
      useCustomWorkingDirectory = "NO"
      buildConfiguration = "Release"
      debugDocumentVersioning = "YES"
      launchAutomaticallySubstyle = "4"
      notificationPayloadFile = "SentiStock WatchKit Extension/PushNotificationPayload.apns">
      <RemoteRunnable
         runnableDebuggingMode = "2"
         BundleIdentifier = "com.apple.springboard"
         RemotePath = "/SentiStock">
         <BuildableReference
            BuildableIdentifier = "primary"
            BlueprintIdentifier = "D0DFBD931BA512F2004FA2BC"
            BuildableName = "SentiStock WatchKit App.app"
            BlueprintName = "SentiStock WatchKit App"
            ReferencedContainer = "container:SentiStock.xcodeproj">
         </BuildableReference>
      </RemoteRunnable>
      <MacroExpansion>
         <BuildableReference
            BuildableIdentifier = "primary"
            BlueprintIdentifier = "D0DFBD931BA512F2004FA2BC"
            BuildableName = "SentiStock WatchKit App.app"
            BlueprintName = "SentiStock WatchKit App"
            ReferencedContainer = "container:SentiStock.xcodeproj">
         </BuildableReference>
      </MacroExpansion>
   </ProfileAction>
   <AnalyzeAction
      buildConfiguration = "Debug">
   </AnalyzeAction>
   <ArchiveAction
      buildConfiguration = "Release"
      revealArchiveInOrganizer = "YES">
   </ArchiveAction>
</Scheme>
